
Microsoft Visual Studio Solution File, Format Version 12.00
# Visual Studio Version 17
VisualStudioVersion = 17.4.33213.308
MinimumVisualStudioVersion = 10.0.40219.1
Project("{FAE04EC0-301F-11D3-BF4B-00C04F79EFBC}") = "VikiRakuten", "VikiRakuten.csproj", "{2A395E88-FEE0-4F83-AB92-045FFC81736A}"
EndProject
Global
	GlobalSection(SolutionConfigurationPlatforms) = preSolution
		Debug|Any CPU = Debug|Any CPU
		Release|Any CPU = Release|Any CPU
	EndGlobalSection
	GlobalSection(ProjectConfigurationPlatforms) = postSolution
		{2A395E88-FEE0-4F83-AB92-045FFC81736A}.Debug|Any CPU.ActiveCfg = Debug|Any CPU
		{2A395E88-FEE0-4F83-AB92-045FFC81736A}.Debug|Any CPU.Build.0 = Debug|Any CPU
		{2A395E88-FEE0-4F83-AB92-045FFC81736A}.Release|Any CPU.ActiveCfg = Release|Any CPU
		{2A395E88-FEE0-4F83-AB92-045FFC81736A}.Release|Any CPU.Build.0 = Release|Any CPU
	EndGlobalSection
	GlobalSection(SolutionProperties) = preSolution
		HideSolutionNode = FALSE
	EndGlobalSection
	GlobalSection(ExtensibilityGlobals) = postSolution
		SolutionGuid = {3E37444A-AF02-4882-A585-22D855F80CE6}
	EndGlobalSection
EndGlobal
